Microsoft Visual Studio Solution File, Format Version 12.00
# Visual Studio Version 17
VisualStudioVersion = 17.5.2.0
MinimumVisualStudioVersion = 10.0.40219.1
Project("{FAE04EC0-301F-11D3-BF4B-00C04F79EFBC}") = "c#_variables", "c#_variables\c#_variables.csproj", "{490B070E-EDB4-850B-B888-E6F2EEB1A15B}"
EndProject
Project("{FAE04EC0-301F-11D3-BF4B-00C04F79EFBC}") = "moon-light-rest-api", "moon-light-rest-api\moon-light-rest-api.csproj", "{36DE99D7-63E9-4808-2370-FAC39CB42AFE}"
EndProject
Project("{FAE04EC0-301F-11D3-BF4B-00C04F79EFBC}") = "school-api", "school-api\school-api.csproj", "{FED8194C-54B9-2782-BB43-FF39FB052812}"
EndProject
Global
	GlobalSection(SolutionConfigurationPlatforms) = preSolution
		Debug|Any CPU = Debug|Any CPU
		Release|Any CPU = Release|Any CPU
	EndGlobalSection
	GlobalSection(ProjectConfigurationPlatforms) = postSolution
		{490B070E-EDB4-850B-B888-E6F2EEB1A15B}.Debug|Any CPU.ActiveCfg = Debug|Any CPU
		{490B070E-EDB4-850B-B888-E6F2EEB1A15B}.Debug|Any CPU.Build.0 = Debug|Any CPU
		{490B070E-EDB4-850B-B888-E6F2EEB1A15B}.Release|Any CPU.ActiveCfg = Release|Any CPU
		{490B070E-EDB4-850B-B888-E6F2EEB1A15B}.Release|Any CPU.Build.0 = Release|Any CPU
		{36DE99D7-63E9-4808-2370-FAC39CB42AFE}.Debug|Any CPU.ActiveCfg = Debug|Any CPU
		{36DE99D7-63E9-4808-2370-FAC39CB42AFE}.Debug|Any CPU.Build.0 = Debug|Any CPU
		{36DE99D7-63E9-4808-2370-FAC39CB42AFE}.Release|Any CPU.ActiveCfg = Release|Any CPU
		{36DE99D7-63E9-4808-2370-FAC39CB42AFE}.Release|Any CPU.Build.0 = Release|Any CPU
		{FED8194C-54B9-2782-BB43-FF39FB052812}.Debug|Any CPU.ActiveCfg = Debug|Any CPU
		{FED8194C-54B9-2782-BB43-FF39FB052812}.Debug|Any CPU.Build.0 = Debug|Any CPU
		{FED8194C-54B9-2782-BB43-FF39FB052812}.Release|Any CPU.ActiveCfg = Release|Any CPU
		{FED8194C-54B9-2782-BB43-FF39FB052812}.Release|Any CPU.Build.0 = Release|Any CPU
	EndGlobalSection
	GlobalSection(SolutionProperties) = preSolution
		HideSolutionNode = FALSE
	EndGlobalSection
	GlobalSection(ExtensibilityGlobals) = postSolution
		SolutionGuid = {B3E32F93-A6F4-41F5-B07D-079F6F621A13}
	EndGlobalSection
EndGlobal
